
Microsoft Visual Studio Solution File, Format Version 12.00
# Visual Studio Version 16
VisualStudioVersion = 16.0.31025.194
MinimumVisualStudioVersion = 10.0.40219.1
Project("{9A19103F-16F7-4668-BE54-9A1E7A4F7556}") = "LHCRUD.Web", "LHCRUD\LHCRUD.Web.csproj", "{8709A8B6-3D4C-4D6A-B930-17FF1F33E118}"
EndProject
Project("{9A19103F-16F7-4668-BE54-9A1E7A4F7556}") = "LHCRUD.Data", "LHCRUD.Data\LHCRUD.Data.csproj", "{B7A40384-DD26-4F45-A400-565AC05BEE34}"
EndProject
Project("{2150E333-8FDC-42A3-9474-1A3956D46DE8}") = "Data", "Data", "{8CAD2FB1-0099-45ED-B7F7-8D6EA1CD4367}"
EndProject
Project("{9A19103F-16F7-4668-BE54-9A1E7A4F7556}") = "LHCRUD.Data.Models", "LHCRUD.Data.Models\LHCRUD.Data.Models.csproj", "{14513742-C068-4811-AC59-D6D0D62A58AA}"
EndProject
Project("{2150E333-8FDC-42A3-9474-1A3956D46DE8}") = "Web", "Web", "{782582E8-6FC2-4B78-BA66-1E0BE2755E99}"
EndProject
Project("{2150E333-8FDC-42A3-9474-1A3956D46DE8}") = "Tests", "Tests", "{E2B22E79-778F-4C5D-BA4D-9DB2B9571ECD}"
EndProject
Project("{FAE04EC0-301F-11D3-BF4B-00C04F79EFBC}") = "LHCRUD.Data.Tests", "LHCRUD.Data.Tests\LHCRUD.Data.Tests.csproj", "{4C483CF5-DE02-41AE-9934-A47B5DAE8DB1}"
EndProject
Project("{FAE04EC0-301F-11D3-BF4B-00C04F79EFBC}") = "LHCRUD.Data.Common", "LHCRUD.Data.Common\LHCRUD.Data.Common.csproj", "{40C7AA2B-00E3-4266-8B5A-82DBEBB92D6F}"
EndProject
Project("{2150E333-8FDC-42A3-9474-1A3956D46DE8}") = "Services", "Services", "{F6A004CE-F160-4700-A604-0925284D9AFC}"
EndProject
Project("{FAE04EC0-301F-11D3-BF4B-00C04F79EFBC}") = "LHCRUD.Services", "LHCRUD.Services.Data\LHCRUD.Services.csproj", "{9F846D83-B664-4D39-8268-9B4D8A7FE5A9}"
EndProject
Project("{FAE04EC0-301F-11D3-BF4B-00C04F79EFBC}") = "LHCRUD.Web.ViewModels", "LHCRUD.Web.ViewModels\LHCRUD.Web.ViewModels.csproj", "{C81D8246-7543-4F92-9DBD-6FF0A1E7AAC6}"
EndProject
Project("{FAE04EC0-301F-11D3-BF4B-00C04F79EFBC}") = "LHCRUD.Services.Mapping", "LHCRUD.Services.Mapping\LHCRUD.Services.Mapping.csproj", "{089F29A5-A483-448C-A267-219D2CF46797}"
EndProject
Global
	GlobalSection(SolutionConfigurationPlatforms) = preSolution
		Debug|Any CPU = Debug|Any CPU
		Release|Any CPU = Release|Any CPU
	EndGlobalSection
	GlobalSection(ProjectConfigurationPlatforms) = postSolution
		{8709A8B6-3D4C-4D6A-B930-17FF1F33E118}.Debug|Any CPU.ActiveCfg = Debug|Any CPU
		{8709A8B6-3D4C-4D6A-B930-17FF1F33E118}.Debug|Any CPU.Build.0 = Debug|Any CPU
		{8709A8B6-3D4C-4D6A-B930-17FF1F33E118}.Release|Any CPU.ActiveCfg = Release|Any CPU
		{8709A8B6-3D4C-4D6A-B930-17FF1F33E118}.Release|Any CPU.Build.0 = Release|Any CPU
		{B7A40384-DD26-4F45-A400-565AC05BEE34}.Debug|Any CPU.ActiveCfg = Debug|Any CPU
		{B7A40384-DD26-4F45-A400-565AC05BEE34}.Debug|Any CPU.Build.0 = Debug|Any CPU
		{B7A40384-DD26-4F45-A400-565AC05BEE34}.Release|Any CPU.ActiveCfg = Release|Any CPU
		{B7A40384-DD26-4F45-A400-565AC05BEE34}.Release|Any CPU.Build.0 = Release|Any CPU
		{14513742-C068-4811-AC59-D6D0D62A58AA}.Debug|Any CPU.ActiveCfg = Debug|Any CPU
		{14513742-C068-4811-AC59-D6D0D62A58AA}.Debug|Any CPU.Build.0 = Debug|Any CPU
		{14513742-C068-4811-AC59-D6D0D62A58AA}.Release|Any CPU.ActiveCfg = Release|Any CPU
		{14513742-C068-4811-AC59-D6D0D62A58AA}.Release|Any CPU.Build.0 = Release|Any CPU
		{4C483CF5-DE02-41AE-9934-A47B5DAE8DB1}.Debug|Any CPU.ActiveCfg = Debug|Any CPU
		{4C483CF5-DE02-41AE-9934-A47B5DAE8DB1}.Debug|Any CPU.Build.0 = Debug|Any CPU
		{4C483CF5-DE02-41AE-9934-A47B5DAE8DB1}.Release|Any CPU.ActiveCfg = Release|Any CPU
		{4C483CF5-DE02-41AE-9934-A47B5DAE8DB1}.Release|Any CPU.Build.0 = Release|Any CPU
		{40C7AA2B-00E3-4266-8B5A-82DBEBB92D6F}.Debug|Any CPU.ActiveCfg = Debug|Any CPU
		{40C7AA2B-00E3-4266-8B5A-82DBEBB92D6F}.Debug|Any CPU.Build.0 = Debug|Any CPU
		{40C7AA2B-00E3-4266-8B5A-82DBEBB92D6F}.Release|Any CPU.ActiveCfg = Release|Any CPU
		{40C7AA2B-00E3-4266-8B5A-82DBEBB92D6F}.Release|Any CPU.Build.0 = Release|Any CPU
		{9F846D83-B664-4D39-8268-9B4D8A7FE5A9}.Debug|Any CPU.ActiveCfg = Debug|Any CPU
		{9F846D83-B664-4D39-8268-9B4D8A7FE5A9}.Debug|Any CPU.Build.0 = Debug|Any CPU
		{9F846D83-B664-4D39-8268-9B4D8A7FE5A9}.Release|Any CPU.ActiveCfg = Release|Any CPU
		{9F846D83-B664-4D39-8268-9B4D8A7FE5A9}.Release|Any CPU.Build.0 = Release|Any CPU
		{C81D8246-7543-4F92-9DBD-6FF0A1E7AAC6}.Debug|Any CPU.ActiveCfg = Debug|Any CPU
		{C81D8246-7543-4F92-9DBD-6FF0A1E7AAC6}.Debug|Any CPU.Build.0 = Debug|Any CPU
		{C81D8246-7543-4F92-9DBD-6FF0A1E7AAC6}.Release|Any CPU.ActiveCfg = Release|Any CPU
		{C81D8246-7543-4F92-9DBD-6FF0A1E7AAC6}.Release|Any CPU.Build.0 = Release|Any CPU
		{089F29A5-A483-448C-A267-219D2CF46797}.Debug|Any CPU.ActiveCfg = Debug|Any CPU
		{089F29A5-A483-448C-A267-219D2CF46797}.Debug|Any CPU.Build.0 = Debug|Any CPU
		{089F29A5-A483-448C-A267-219D2CF46797}.Release|Any CPU.ActiveCfg = Release|Any CPU
		{089F29A5-A483-448C-A267-219D2CF46797}.Release|Any CPU.Build.0 = Release|Any CPU
	EndGlobalSection
	GlobalSection(SolutionProperties) = preSolution
		HideSolutionNode = FALSE
	EndGlobalSection
	GlobalSection(NestedProjects) = preSolution
		{8709A8B6-3D4C-4D6A-B930-17FF1F33E118} = {782582E8-6FC2-4B78-BA66-1E0BE2755E99}
		{B7A40384-DD26-4F45-A400-565AC05BEE34} = {8CAD2FB1-0099-45ED-B7F7-8D6EA1CD4367}
		{14513742-C068-4811-AC59-D6D0D62A58AA} = {8CAD2FB1-0099-45ED-B7F7-8D6EA1CD4367}
		{4C483CF5-DE02-41AE-9934-A47B5DAE8DB1} = {E2B22E79-778F-4C5D-BA4D-9DB2B9571ECD}
		{40C7AA2B-00E3-4266-8B5A-82DBEBB92D6F} = {8CAD2FB1-0099-45ED-B7F7-8D6EA1CD4367}
		{9F846D83-B664-4D39-8268-9B4D8A7FE5A9} = {F6A004CE-F160-4700-A604-0925284D9AFC}
		{C81D8246-7543-4F92-9DBD-6FF0A1E7AAC6} = {782582E8-6FC2-4B78-BA66-1E0BE2755E99}
		{089F29A5-A483-448C-A267-219D2CF46797} = {F6A004CE-F160-4700-A604-0925284D9AFC}
	EndGlobalSection
	GlobalSection(ExtensibilityGlobals) = postSolution
		SolutionGuid = {7B93983D-8552-4CCD-AEF5-97B18B10D412}
	EndGlobalSection
EndGlobal
